// !$*UTF8*$!
{
	archiveVersion = 1;
	classes = {
	};
	objectVersion = 46;
	objects = {

/* Begin PBXBuildFile section */
		1356EDBF3ED99293DE470309 /* Pods_devslopes_socials.framework in Frameworks */ = {isa = PBXBuildFile; fileRef = 6B2D1A3448B69C918FB02D1E /* Pods_devslopes_socials.framework */; };
		6A169C931D6CE77F00138514 /* AppDelegate.swift in Sources */ = {isa = PBXBuildFile; fileRef = 6A169C921D6CE77F00138514 /* AppDelegate.swift */; };
		6A169C951D6CE77F00138514 /* SignInVC.swift in Sources */ = {isa = PBXBuildFile; fileRef = 6A169C941D6CE77F00138514 /* SignInVC.swift */; };
		6A169C981D6CE77F00138514 /* Main.storyboard in Resources */ = {isa = PBXBuildFile; fileRef = 6A169C961D6CE77F00138514 /* Main.storyboard */; };
		6A169C9A1D6CE77F00138514 /* Assets.xcassets in Resources */ = {isa = PBXBuildFile; fileRef = 6A169C991D6CE77F00138514 /* Assets.xcassets */; };
		6A169C9D1D6CE77F00138514 /* LaunchScreen.storyboard in Resources */ = {isa = PBXBuildFile; fileRef = 6A169C9B1D6CE77F00138514 /* LaunchScreen.storyboard */; };
		6A169CA51D6CE7E800138514 /* GoogleService-Info.plist in Resources */ = {isa = PBXBuildFile; fileRef = 6A169CA41D6CE7E800138514 /* GoogleService-Info.plist */; };
		6A169CAA1D6D672E00138514 /* FancyView.swift in Sources */ = {isa = PBXBuildFile; fileRef = 6A169CA91D6D672E00138514 /* FancyView.swift */; };
		6A169CAD1D6D67C000138514 /* Constant.swift in Sources */ = {isa = PBXBuildFile; fileRef = 6A169CAC1D6D67C000138514 /* Constant.swift */; };
		6A169CAF1D6D69BB00138514 /* RoundBtn.swift in Sources */ = {isa = PBXBuildFile; fileRef = 6A169CAE1D6D69BB00138514 /* RoundBtn.swift */; };
		6A169CB11D6D6B5700138514 /* Fancyfield.swift in Sources */ = {isa = PBXBuildFile; fileRef = 6A169CB01D6D6B5700138514 /* Fancyfield.swift */; };
		6A169CB31D6D6CF000138514 /* FancyBtn.swift in Sources */ = {isa = PBXBuildFile; fileRef = 6A169CB21D6D6CF000138514 /* FancyBtn.swift */; };
/* End PBXBuildFile section */

/* Begin PBXFileReference section */
		3C2D4DDCC5FCF79F7646B30A /* Pods-devslopes-socials.release.xcconfig */ = {isa = PBXFileReference; includeInIndex = 1; lastKnownFileType = text.xcconfig; name = "Pods-devslopes-socials.release.xcconfig"; path = "Pods/Target Support Files/Pods-devslopes-socials/Pods-devslopes-socials.release.xcconfig"; sourceTree = "<group>"; };
		6A169C8F1D6CE77F00138514 /* devslopes-socials.app */ = {isa = PBXFileReference; explicitFileType = wrapper.application; includeInIndex = 0; path = "devslopes-socials.app"; sourceTree = BUILT_PRODUCTS_DIR; };
		6A169C921D6CE77F00138514 /* AppDelegate.swift */ = {isa = PBXFileReference; lastKnownFileType = sourcecode.swift; path = AppDelegate.swift; sourceTree = "<group>"; };
		6A169C941D6CE77F00138514 /* SignInVC.swift */ = {isa = PBXFileReference; lastKnownFileType = sourcecode.swift; path = SignInVC.swift; sourceTree = "<group>"; };
		6A169C971D6CE77F00138514 /* Base */ = {isa = PBXFileReference; lastKnownFileType = file.storyboard; name = Base; path = Base.lproj/Main.storyboard; sourceTree = "<group>"; };
		6A169C991D6CE77F00138514 /* Assets.xcassets */ = {isa = PBXFileReference; lastKnownFileType = folder.assetcatalog; path = Assets.xcassets; sourceTree = "<group>"; };
		6A169C9C1D6CE77F00138514 /* Base */ = {isa = PBXFileReference; lastKnownFileType = file.storyboard; name = Base; path = Base.lproj/LaunchScreen.storyboard; sourceTree = "<group>"; };
		6A169C9E1D6CE77F00138514 /* Info.plist */ = {isa = PBXFileReference; lastKnownFileType = text.plist.xml; path = Info.plist; sourceTree = "<group>"; };
		6A169CA41D6CE7E800138514 /* GoogleService-Info.plist */ = {isa = PBXFileReference; fileEncoding = 4; lastKnownFileType = text.plist.xml; path = "GoogleService-Info.plist"; sourceTree = "<group>"; };
		6A169CA91D6D672E00138514 /* FancyView.swift */ = {isa = PBXFileReference; fileEncoding = 4; lastKnownFileType = sourcecode.swift; path = FancyView.swift; sourceTree = "<group>"; };
		6A169CAC1D6D67C000138514 /* Constant.swift */ = {isa = PBXFileReference; fileEncoding = 4; lastKnownFileType = sourcecode.swift; path = Constant.swift; sourceTree = "<group>"; };
		6A169CAE1D6D69BB00138514 /* RoundBtn.swift */ = {isa = PBXFileReference; fileEncoding = 4; lastKnownFileType = sourcecode.swift; path = RoundBtn.swift; sourceTree = "<group>"; };
		6A169CB01D6D6B5700138514 /* Fancyfield.swift */ = {isa = PBXFileReference; fileEncoding = 4; lastKnownFileType = sourcecode.swift; path = Fancyfield.swift; sourceTree = "<group>"; };
		6A169CB21D6D6CF000138514 /* FancyBtn.swift */ = {isa = PBXFileReference; fileEncoding = 4; lastKnownFileType = sourcecode.swift; path = FancyBtn.swift; sourceTree = "<group>"; };
		6B2D1A3448B69C918FB02D1E /* Pods_devslopes_socials.framework */ = {isa = PBXFileReference; explicitFileType = wrapper.framework; includeInIndex = 0; path = Pods_devslopes_socials.framework; sourceTree = BUILT_PRODUCTS_DIR; };
		F4D96533CD7F29EC03DE9C34 /* Pods-devslopes-socials.debug.xcconfig */ = {isa = PBXFileReference; includeInIndex = 1; lastKnownFileType = text.xcconfig; name = "Pods-devslopes-socials.debug.xcconfig"; path = "Pods/Target Support Files/Pods-devslopes-socials/Pods-devslopes-socials.debug.xcconfig"; sourceTree = "<group>"; };
/* End PBXFileReference section */

/* Begin PBXFrameworksBuildPhase section */
		6A169C8C1D6CE77F00138514 /* Frameworks */ = {
			isa = PBXFrameworksBuildPhase;
			buildActionMask = 2147483647;
			files = (
				1356EDBF3ED99293DE470309 /* Pods_devslopes_socials.framework in Frameworks */,
			);
			runOnlyForDeploymentPostprocessing = 0;
		};
/* End PBXFrameworksBuildPhase section */

/* Begin PBXGroup section */
		481E4724110AB1D6D8258413 /* Frameworks */ = {
			isa = PBXGroup;
			children = (
				6B2D1A3448B69C918FB02D1E /* Pods_devslopes_socials.framework */,
			);
			name = Frameworks;
			sourceTree = "<group>";
		};
		6A169C861D6CE77F00138514 = {
			isa = PBXGroup;
			children = (
				6A169C911D6CE77F00138514 /* devslopes-socials */,
				6A169C901D6CE77F00138514 /* Products */,
				AE50F33156DBFE0BDC164CEE /* Pods */,
				481E4724110AB1D6D8258413 /* Frameworks */,
			);
			sourceTree = "<group>";
		};
		6A169C901D6CE77F00138514 /* Products */ = {
			isa = PBXGroup;
			children = (
				6A169C8F1D6CE77F00138514 /* devslopes-socials.app */,
			);
			name = Products;
			sourceTree = "<group>";
		};
		6A169C911D6CE77F00138514 /* devslopes-socials */ = {
			isa = PBXGroup;
			children = (
				6A169CAB1D6D67AF00138514 /* Util */,
				6A169CA81D6CF96100138514 /* Controller */,
				6A169CA71D6CF95C00138514 /* View */,
				6A169CA61D6CF95500138514 /* Model */,
				6A169C921D6CE77F00138514 /* AppDelegate.swift */,
				6A169C991D6CE77F00138514 /* Assets.xcassets */,
				6A169C9E1D6CE77F00138514 /* Info.plist */,
				6A169CA41D6CE7E800138514 /* GoogleService-Info.plist */,
			);
			path = "devslopes-socials";
			sourceTree = "<group>";
		};
		6A169CA61D6CF95500138514 /* Model */ = {
			isa = PBXGroup;
			children = (
			);
			name = Model;
			sourceTree = "<group>";
		};
		6A169CA71D6CF95C00138514 /* View */ = {
			isa = PBXGroup;
			children = (
				6A169C9B1D6CE77F00138514 /* LaunchScreen.storyboard */,
				6A169C961D6CE77F00138514 /* Main.storyboard */,
				6A169CA91D6D672E00138514 /* FancyView.swift */,
				6A169CAE1D6D69BB00138514 /* RoundBtn.swift */,
				6A169CB01D6D6B5700138514 /* Fancyfield.swift */,
				6A169CB21D6D6CF000138514 /* FancyBtn.swift */,
			);
			name = View;
			sourceTree = "<group>";
		};
		6A169CA81D6CF96100138514 /* Controller */ = {
			isa = PBXGroup;
			children = (
				6A169C941D6CE77F00138514 /* SignInVC.swift */,
			);
			name = Controller;
			sourceTree = "<group>";
		};
		6A169CAB1D6D67AF00138514 /* Util */ = {
			isa = PBXGroup;
			children = (
				6A169CAC1D6D67C000138514 /* Constant.swift */,
			);
			name = Util;
			sourceTree = "<group>";
		};
		AE50F33156DBFE0BDC164CEE /* Pods */ = {
			isa = PBXGroup;
			children = (
				F4D96533CD7F29EC03DE9C34 /* Pods-devslopes-socials.debug.xcconfig */,
				3C2D4DDCC5FCF79F7646B30A /* Pods-devslopes-socials.release.xcconfig */,
			);
			name = Pods;
			sourceTree = "<group>";
		};
/* End PBXGroup section */

/* Begin PBXNativeTarget section */
		6A169C8E1D6CE77F00138514 /* devslopes-socials */ = {
			isa = PBXNativeTarget;
			buildConfigurationList = 6A169CA11D6CE77F00138514 /* Build configuration list for PBXNativeTarget "devslopes-socials" */;
			buildPhases = (
				5AA0C782EC0E8197FBF96100 /* [CP] Check Pods Manifest.lock */,
				6A169C8B1D6CE77F00138514 /* Sources */,
				6A169C8C1D6CE77F00138514 /* Frameworks */,
				6A169C8D1D6CE77F00138514 /* Resources */,
				78D47D72B4D29A1F47CE3AA9 /* [CP] Embed Pods Frameworks */,
				D1783C3BE7CEC4CD25CC71C9 /* [CP] Copy Pods Resources */,
			);
			buildRules = (
			);
			dependencies = (
			);
			name = "devslopes-socials";
			productName = "devslopes-socials";
			productReference = 6A169C8F1D6CE77F00138514 /* devslopes-socials.app */;
			productType = "com.apple.product-type.application";
		};
/* End PBXNativeTarget section */

/* Begin PBXProject section */
		6A169C871D6CE77F00138514 /* Project object */ = {
			isa = PBXProject;
			attributes = {
				LastSwiftUpdateCheck = 0800;
				LastUpgradeCheck = 0800;
				ORGANIZATIONNAME = "Khoi Nguyen";
				TargetAttributes = {
					6A169C8E1D6CE77F00138514 = {
						CreatedOnToolsVersion = 8.0;
						DevelopmentTeam = A655YFL826;
						ProvisioningStyle = Automatic;
					};
				};
			};
			buildConfigurationList = 6A169C8A1D6CE77F00138514 /* Build configuration list for PBXProject "devslopes-socials" */;
			compatibilityVersion = "Xcode 3.2";
			developmentRegion = English;
			hasScannedForEncodings = 0;
			knownRegions = (
				en,
				Base,
			);
			mainGroup = 6A169C861D6CE77F00138514;
			productRefGroup = 6A169C901D6CE77F00138514 /* Products */;
			projectDirPath = "";
			projectRoot = "";
			targets = (
				6A169C8E1D6CE77F00138514 /* devslopes-socials */,
			);
		};
/* End PBXProject section */

/* Begin PBXResourcesBuildPhase section */
		6A169C8D1D6CE77F00138514 /* Resources */ = {
			isa = PBXResourcesBuildPhase;
			buildActionMask = 2147483647;
			files = (
				6A169CA51D6CE7E800138514 /* GoogleService-Info.plist in Resources */,
				6A169C9D1D6CE77F00138514 /* LaunchScreen.storyboard in Resources */,
				6A169C9A1D6CE77F00138514 /* Assets.xcassets in Resources */,
				6A169C981D6CE77F00138514 /* Main.storyboard in Resources */,
			);
			runOnlyForDeploymentPostprocessing = 0;
		};
/* End PBXResourcesBuildPhase section */

/* Begin PBXShellScriptBuildPhase section */
		5AA0C782EC0E8197FBF96100 /* [CP] Check Pods Manifest.lock */ = {
			isa = PBXShellScriptBuildPhase;
			buildActionMask = 2147483647;
			files = (
			);
			inputPaths = (
			);
			name = "[CP] Check Pods Manifest.lock";
			outputPaths = (
			);
			runOnlyForDeploymentPostprocessing = 0;
			shellPath = /bin/sh;
			shellScript = "diff \"${PODS_ROOT}/../Podfile.lock\" \"${PODS_ROOT}/Manifest.lock\" > /dev/null\nif [[ $? != 0 ]] ; then\n    cat << EOM\nerror: The sandbox is not in sync with the Podfile.lock. Run 'pod install' or update your CocoaPods installation.\nEOM\n    exit 1\nfi\n";
			showEnvVarsInLog = 0;
		};
		78D47D72B4D29A1F47CE3AA9 /* [CP] Embed Pods Frameworks */ = {
			isa = PBXShellScriptBuildPhase;
			buildActionMask = 2147483647;
			files = (
			);
			inputPaths = (
			);
			name = "[CP] Embed Pods Frameworks";
			outputPaths = (
			);
			runOnlyForDeploymentPostprocessing = 0;
			shellPath = /bin/sh;
			shellScript = "\"${SRCROOT}/Pods/Target Support Files/Pods-devslopes-socials/Pods-devslopes-socials-frameworks.sh\"\n";
			showEnvVarsInLog = 0;
		};
		D1783C3BE7CEC4CD25CC71C9 /* [CP] Copy Pods Resources */ = {
			isa = PBXShellScriptBuildPhase;
			buildActionMask = 2147483647;
			files = (
			);
			inputPaths = (
			);
			name = "[CP] Copy Pods Resources";
			outputPaths = (
			);
			runOnlyForDeploymentPostprocessing = 0;
			shellPath = /bin/sh;
			shellScript = "\"${SRCROOT}/Pods/Target Support Files/Pods-devslopes-socials/Pods-devslopes-socials-resources.sh\"\n";
			showEnvVarsInLog = 0;
		};
/* End PBXShellScriptBuildPhase section */

/* Begin PBXSourcesBuildPhase section */
		6A169C8B1D6CE77F00138514 /* Sources */ = {
			isa = PBXSourcesBuildPhase;
			buildActionMask = 2147483647;
			files = (
				6A169CB11D6D6B5700138514 /* Fancyfield.swift in Sources */,
				6A169C951D6CE77F00138514 /* SignInVC.swift in Sources */,
				6A169CAF1D6D69BB00138514 /* RoundBtn.swift in Sources */,
				6A169C931D6CE77F00138514 /* AppDelegate.swift in Sources */,
				6A169CAA1D6D672E00138514 /* FancyView.swift in Sources */,
				6A169CAD1D6D67C000138514 /* Constant.swift in Sources */,
				6A169CB31D6D6CF000138514 /* FancyBtn.swift in Sources */,
			);
			runOnlyForDeploymentPostprocessing = 0;
		};
/* End PBXSourcesBuildPhase section */

/* Begin PBXVariantGroup section */
		6A169C961D6CE77F00138514 /* Main.storyboard */ = {
			isa = PBXVariantGroup;
			children = (
				6A169C971D6CE77F00138514 /* Base */,
			);
			name = Main.storyboard;
			sourceTree = "<group>";
		};
		6A169C9B1D6CE77F00138514 /* LaunchScreen.storyboard */ = {
			isa = PBXVariantGroup;
			children = (
				6A169C9C1D6CE77F00138514 /* Base */,
			);
			name = LaunchScreen.storyboard;
			sourceTree = "<group>";
		};
/* End PBXVariantGroup section */

/* Begin XCBuildConfiguration section */
		6A169C9F1D6CE77F00138514 /* Debug */ = {
			isa = XCBuildConfiguration;
			buildSettings = {
				ALWAYS_SEARCH_USER_PATHS = NO;
				CLANG_ANALYZER_NONNULL = YES;
				CLANG_CXX_LANGUAGE_STANDARD = "gnu++0x";
				CLANG_CXX_LIBRARY = "libc++";
				CLANG_ENABLE_MODULES = YES;
				CLANG_ENABLE_OBJC_ARC = YES;
				CLANG_WARN_BOOL_CONVERSION = YES;
				CLANG_WARN_CONSTANT_CONVERSION = YES;
				CLANG_WARN_DIRECT_OBJC_ISA_USAGE = YES_ERROR;
				CLANG_WARN_DOCUMENTATION_COMMENTS = YES;
				CLANG_WARN_EMPTY_BODY = YES;
				CLANG_WARN_ENUM_CONVERSION = YES;
				CLANG_WARN_INFINITE_RECURSION = YES;
				CLANG_WARN_INT_CONVERSION = YES;
				CLANG_WARN_OBJC_ROOT_CLASS = YES_ERROR;
				CLANG_WARN_SUSPICIOUS_MOVES = YES;
				CLANG_WARN_UNREACHABLE_CODE = YES;
				CLANG_WARN__DUPLICATE_METHOD_MATCH = YES;
				"CODE_SIGN_IDENTITY[sdk=iphoneos*]" = "iPhone Developer";
				COPY_PHASE_STRIP = NO;
				DEBUG_INFORMATION_FORMAT = dwarf;
				ENABLE_STRICT_OBJC_MSGSEND = YES;
				ENABLE_TESTABILITY = YES;
				GCC_C_LANGUAGE_STANDARD = gnu99;
				GCC_DYNAMIC_NO_PIC = NO;
				GCC_NO_COMMON_BLOCKS = YES;
				GCC_OPTIMIZATION_LEVEL = 0;
				GCC_PREPROCESSOR_DEFINITIONS = (
					"DEBUG=1",
					"$(inherited)",
				);
				GCC_WARN_64_TO_32_BIT_CONVERSION = YES;
				GCC_WARN_ABOUT_RETURN_TYPE = YES_ERROR;
				GCC_WARN_UNDECLARED_SELECTOR = YES;
				GCC_WARN_UNINITIALIZED_AUTOS = YES_AGGRESSIVE;
				GCC_WARN_UNUSED_FUNCTION = YES;
				GCC_WARN_UNUSED_VARIABLE = YES;
				IPHONEOS_DEPLOYMENT_TARGET = 10.0;
				MTL_ENABLE_DEBUG_INFO = YES;
				ONLY_ACTIVE_ARCH = YES;
				SDKROOT = iphoneos;
				SWIFT_ACTIVE_COMPILATION_CONDITIONS = DEBUG;
				SWIFT_OPTIMIZATION_LEVEL = "-Onone";
				TARGETED_DEVICE_FAMILY = "1,2";
			};
			name = Debug;
		};
		6A169CA01D6CE77F00138514 /* Release */ = {
			isa = XCBuildConfiguration;
			buildSettings = {
				ALWAYS_SEARCH_USER_PATHS = NO;
				CLANG_ANALYZER_NONNULL = YES;
				CLANG_CXX_LANGUAGE_STANDARD = "gnu++0x";
				CLANG_CXX_LIBRARY = "libc++";
				CLANG_ENABLE_MODULES = YES;
				CLANG_ENABLE_OBJC_ARC = YES;
				CLANG_WARN_BOOL_CONVERSION = YES;
				CLANG_WARN_CONSTANT_CONVERSION = YES;
				CLANG_WARN_DIRECT_OBJC_ISA_USAGE = YES_ERROR;
				CLANG_WARN_DOCUMENTATION_COMMENTS = YES;
				CLANG_WARN_EMPTY_BODY = YES;
				CLANG_WARN_ENUM_CONVERSION = YES;
				CLANG_WARN_INFINITE_RECURSION = YES;
				CLANG_WARN_INT_CONVERSION = YES;
				CLANG_WARN_OBJC_ROOT_CLASS = YES_ERROR;
				CLANG_WARN_SUSPICIOUS_MOVES = YES;
				CLANG_WARN_UNREACHABLE_CODE = YES;
				CLANG_WARN__DUPLICATE_METHOD_MATCH = YES;
				"CODE_SIGN_IDENTITY[sdk=iphoneos*]" = "iPhone Developer";
				COPY_PHASE_STRIP = NO;
				DEBUG_INFORMATION_FORMAT = "dwarf-with-dsym";
				ENABLE_NS_ASSERTIONS = NO;
				ENABLE_STRICT_OBJC_MSGSEND = YES;
				GCC_C_LANGUAGE_STANDARD = gnu99;
				GCC_NO_COMMON_BLOCKS = YES;
				GCC_WARN_64_TO_32_BIT_CONVERSION = YES;
				GCC_WARN_ABOUT_RETURN_TYPE = YES_ERROR;
				GCC_WARN_UNDECLARED_SELECTOR = YES;
				GCC_WARN_UNINITIALIZED_AUTOS = YES_AGGRESSIVE;
				GCC_WARN_UNUSED_FUNCTION = YES;
				GCC_WARN_UNUSED_VARIABLE = YES;
				IPHONEOS_DEPLOYMENT_TARGET = 10.0;
				MTL_ENABLE_DEBUG_INFO = NO;
				SDKROOT = iphoneos;
				SWIFT_OPTIMIZATION_LEVEL = "-Owholemodule";
				TARGETED_DEVICE_FAMILY = "1,2";
				VALIDATE_PRODUCT = YES;
			};
			name = Release;
		};
		6A169CA21D6CE77F00138514 /* Debug */ = {
			isa = XCBuildConfiguration;
			baseConfigurationReference = F4D96533CD7F29EC03DE9C34 /* Pods-devslopes-socials.debug.xcconfig */;
			buildSettings = {
				ASSETCATALOG_COMPILER_APPICON_NAME = AppIcon;
				DEVELOPMENT_TEAM = A655YFL826;
				INFOPLIST_FILE = "devslopes-socials/Info.plist";
				LD_RUNPATH_SEARCH_PATHS = "$(inherited) @executable_path/Frameworks";
				PRODUCT_BUNDLE_IDENTIFIER = "KhoiNguyen.devslopes-socials";
				PRODUCT_NAME = "$(TARGET_NAME)";
				SWIFT_VERSION = 3.0;
			};
			name = Debug;
		};
		6A169CA31D6CE77F00138514 /* Release */ = {
			isa = XCBuildConfiguration;
			baseConfigurationReference = 3C2D4DDCC5FCF79F7646B30A /* Pods-devslopes-socials.release.xcconfig */;
			buildSettings = {
				ASSETCATALOG_COMPILER_APPICON_NAME = AppIcon;
				DEVELOPMENT_TEAM = A655YFL826;
				INFOPLIST_FILE = "devslopes-socials/Info.plist";
				LD_RUNPATH_SEARCH_PATHS = "$(inherited) @executable_path/Frameworks";
				PRODUCT_BUNDLE_IDENTIFIER = "KhoiNguyen.devslopes-socials";
				PRODUCT_NAME = "$(TARGET_NAME)";
				SWIFT_VERSION = 3.0;
			};
			name = Release;
		};
/* End XCBuildConfiguration section */

/* Begin XCConfigurationList section */
		6A169C8A1D6CE77F00138514 /* Build configuration list for PBXProject "devslopes-socials" */ = {
			isa = XCConfigurationList;
			buildConfigurations = (
				6A169C9F1D6CE77F00138514 /* Debug */,
				6A169CA01D6CE77F00138514 /* Release */,
			);
			defaultConfigurationIsVisible = 0;
			defaultConfigurationName = Release;
		};
		6A169CA11D6CE77F00138514 /* Build configuration list for PBXNativeTarget "devslopes-socials" */ = {
			isa = XCConfigurationList;
			buildConfigurations = (
				6A169CA21D6CE77F00138514 /* Debug */,
				6A169CA31D6CE77F00138514 /* Release */,
			);
			defaultConfigurationIsVisible = 0;
			defaultConfigurationName = Release;
		};
/* End XCConfigurationList section */
	};
	rootObject = 6A169C871D6CE77F00138514 /* Project object */;
}
